
Microsoft Visual Studio Solution File, Format Version 12.00
# Visual Studio Version 16
VisualStudioVersion = 16.0.29123.88
MinimumVisualStudioVersion = 10.0.40219.1
Project("{FAE04EC0-301F-11D3-BF4B-00C04F79EFBC}") = "Dinnyecsomagolo", "Dinnyecsomagolo\Dinnyecsomagolo.csproj", "{F4ED3E27-1A79-4D67-9C71-67DABC2A867E}"
EndProject
Global
	GlobalSection(SolutionConfigurationPlatforms) = preSolution
		Debug|Any CPU = Debug|Any CPU
		Release|Any CPU = Release|Any CPU
	EndGlobalSection
	GlobalSection(ProjectConfigurationPlatforms) = postSolution
		{F4ED3E27-1A79-4D67-9C71-67DABC2A867E}.Debug|Any CPU.ActiveCfg = Debug|Any CPU
		{F4ED3E27-1A79-4D67-9C71-67DABC2A867E}.Debug|Any CPU.Build.0 = Debug|Any CPU
		{F4ED3E27-1A79-4D67-9C71-67DABC2A867E}.Release|Any CPU.ActiveCfg = Release|Any CPU
		{F4ED3E27-1A79-4D67-9C71-67DABC2A867E}.Release|Any CPU.Build.0 = Release|Any CPU
	EndGlobalSection
	GlobalSection(SolutionProperties) = preSolution
		HideSolutionNode = FALSE
	EndGlobalSection
	GlobalSection(ExtensibilityGlobals) = postSolution
		SolutionGuid = {FF9E2510-1248-47AF-B68C-418A6A1B3F87}
	EndGlobalSection
EndGlobal
